
Microsoft Visual Studio Solution File, Format Version 12.00
# Visual Studio Version 17
VisualStudioVersion = 17.14.36623.8 d17.14
MinimumVisualStudioVersion = 10.0.40219.1
Project("{FAE04EC0-301F-11D3-BF4B-00C04F79EFBC}") = "Mixer_ST", "Mixer_ST\Mixer_ST.csproj", "{A681E817-4AEF-4B5C-9131-EFAA4A331681}"
EndProject
Global
	GlobalSection(SolutionConfigurationPlatforms) = preSolution
		Debug|Any CPU = Debug|Any CPU
		Release|Any CPU = Release|Any CPU
	EndGlobalSection
	GlobalSection(ProjectConfigurationPlatforms) = postSolution
		{A681E817-4AEF-4B5C-9131-EFAA4A331681}.Debug|Any CPU.ActiveCfg = Debug|Any CPU
		{A681E817-4AEF-4B5C-9131-EFAA4A331681}.Debug|Any CPU.Build.0 = Debug|Any CPU
		{A681E817-4AEF-4B5C-9131-EFAA4A331681}.Release|Any CPU.ActiveCfg = Release|Any CPU
		{A681E817-4AEF-4B5C-9131-EFAA4A331681}.Release|Any CPU.Build.0 = Release|Any CPU
	EndGlobalSection
	GlobalSection(SolutionProperties) = preSolution
		HideSolutionNode = FALSE
	EndGlobalSection
	GlobalSection(ExtensibilityGlobals) = postSolution
		SolutionGuid = {87C7F9C3-F70A-4E18-8C1B-3DAFE895BD11}
	EndGlobalSection
EndGlobal
